
Microsoft Visual Studio Solution File, Format Version 12.00
# Visual Studio Version 16
VisualStudioVersion = 16.0.31129.286
MinimumVisualStudioVersion = 10.0.40219.1
Project("{FAE04EC0-301F-11D3-BF4B-00C04F79EFBC}") = "GitStudy", "GitStudy.csproj", "{83295181-F577-4042-BA8E-2A80863C1ED4}"
EndProject
Global
	GlobalSection(SolutionConfigurationPlatforms) = preSolution
		Debug|Any CPU = Debug|Any CPU
		Release|Any CPU = Release|Any CPU
	EndGlobalSection
	GlobalSection(ProjectConfigurationPlatforms) = postSolution
		{83295181-F577-4042-BA8E-2A80863C1ED4}.Debug|Any CPU.ActiveCfg = Debug|Any CPU
		{83295181-F577-4042-BA8E-2A80863C1ED4}.Debug|Any CPU.Build.0 = Debug|Any CPU
		{83295181-F577-4042-BA8E-2A80863C1ED4}.Release|Any CPU.ActiveCfg = Release|Any CPU
		{83295181-F577-4042-BA8E-2A80863C1ED4}.Release|Any CPU.Build.0 = Release|Any CPU
	EndGlobalSection
	GlobalSection(SolutionProperties) = preSolution
		HideSolutionNode = FALSE
	EndGlobalSection
	GlobalSection(ExtensibilityGlobals) = postSolution
		SolutionGuid = {60B6AF55-F667-48AB-A181-E699A305700B}
	EndGlobalSection
EndGlobal
